{
    "_readme": [
        "This file locks the dependencies of your project to a known state",
        "Read more about it at https://getcomposer.org/doc/01-basic-usage.md#composer-lock-the-lock-file",
        "This file is @generated automatically"
    ],
    "hash": "382a85eb975ccc25e8c2f1a62c321645",
    "content-hash": "ea73eedb9d6c5d27aa379c8c7cf87cc1",
    "packages": [
        {
            "name": "raveren/kint",
            "version": "1.0.10",
            "source": {
                "type": "git",
                "url": "https://github.com/raveren/kint.git",
                "reference": "c8423b9928bd35bf6ad14c688ab9c6d17d97d0eb"
            },
            "dist": {
                "type": "zip",
                "url": "https://api.github.com/repos/raveren/kint/zipball/c8423b9928bd35bf6ad14c688ab9c6d17d97d0eb",
                "reference": "c8423b9928bd35bf6ad14c688ab9c6d17d97d0eb",
                "shasum": ""
            },
            "require": {
                "php": ">=5.1.0"
            },
            "type": "library",
            "extra": {
                "branch-alias": {
                    "dev-master": "1.0.x-dev"
                }
            },
            "autoload": {
                "files": [
                    "Kint.class.php"
                ]
            },
            "notification-url": "https://packagist.org/downloads/",
            "license": [
                "MIT"
            ],
            "authors": [
                {
                    "name": "Rokas Šleinius",
                    "homepage": "https://github.com/raveren"
                },
                {
                    "name": "Contributors",
                    "homepage": "https://github.com/raveren/kint/contributors"
                }
            ],
            "description": "Kint - debugging helper for PHP developers",
            "homepage": "https://github.com/raveren/kint",
            "keywords": [
                "debug",
                "kint",
                "php"
            ],
            "time": "2015-09-16 14:09:00"
        },
        {
            "name": "workerman/workerman",
            "version": "v3.3.0",
            "source": {
                "type": "git",
                "url": "https://github.com/walkor/Workerman.git",
                "reference": "c74f937aab834c12bb9fc93458ffbcbe6213c896"
            },
            "dist": {
                "type": "zip",
                "url": "https://api.github.com/repos/walkor/Workerman/zipball/c74f937aab834c12bb9fc93458ffbcbe6213c896",
                "reference": "c74f937aab834c12bb9fc93458ffbcbe6213c896",
                "shasum": ""
            },
            "require": {
                "php": ">=5.3"
            },
            "suggest": {
                "ext-libevent": "For better performance."
            },
            "type": "project",
            "autoload": {
                "psr-4": {
                    "Workerman\\": "./"
                }
            },
            "notification-url": "https://packagist.org/downloads/",
            "license": [
                "MIT"
            ],
            "authors": [
                {
                    "name": "walkor",
                    "email": "walkor@workerman.net",
                    "homepage": "http://www.workerman.net",
                    "role": "Developer"
                }
            ],
            "description": "An asynchronous event driven PHP framework for easily building fast, scalable network applications.",
            "homepage": "http://www.workerman.net",
            "keywords": [
                "asynchronous",
                "event-loop"
            ],
            "time": "2016-02-25 10:59:35"
        }
    ],
    "packages-dev": [],
    "aliases": [],
    "minimum-stability": "stable",
    "stability-flags": [],
    "prefer-stable": false,
    "prefer-lowest": false,
    "platform": [],
    "platform-dev": []
}
